{
    "_meta": {
        "hash": {
            "sha256": "cd456705a1cc3ee82f7c80441d7c25f89162a07270c6e041ea92cf06e26ff4eb"
        },
        "pipfile-spec": 6,
        "requires": {
            "python_version": "3.8"
        },
        "sources": [
            {
                "name": "pypi",
                "url": "https://pypi.org/simple",
                "verify_ssl": true
            }
        ]
    },
    "default": {
        "asgiref": {
            "hashes": [
                "sha256:1d2880b792ae8757289136f1db2b7b99100ce959b2aa57fd69dab783d05afac4",
                "sha256:4a29362a6acebe09bf1d6640db38c1dc3d9217c68e6f9f6204d72667fc19a424"
            ],
            "markers": "python_version >= '3.7'",
            "version": "==3.5.2"
        },
        "asn1crypto": {
            "hashes": [
                "sha256:13ae38502be632115abf8a24cbe5f4da52e3b5231990aff31123c805306ccb9c",
                "sha256:db4e40728b728508912cbb3d44f19ce188f218e9eba635821bb4b68564f8fd67"
            ],
            "version": "==1.5.1"
        },
        "backports.zoneinfo": {
            "hashes": [
                "sha256:17746bd546106fa389c51dbea67c8b7c8f0d14b5526a579ca6ccf5ed72c526cf",
                "sha256:1b13e654a55cd45672cb54ed12148cd33628f672548f373963b0bff67b217328",
                "sha256:1c5742112073a563c81f786e77514969acb58649bcdf6cdf0b4ed31a348d4546",
                "sha256:4a0f800587060bf8880f954dbef70de6c11bbe59c673c3d818921f042f9954a6",
                "sha256:5c144945a7752ca544b4b78c8c41544cdfaf9786f25fe5ffb10e838e19a27570",
                "sha256:7b0a64cda4145548fed9efc10322770f929b944ce5cee6c0dfe0c87bf4c0c8c9",
                "sha256:8439c030a11780786a2002261569bdf362264f605dfa4d65090b64b05c9f79a7",
                "sha256:8961c0f32cd0336fb8e8ead11a1f8cd99ec07145ec2931122faaac1c8f7fd987",
                "sha256:89a48c0d158a3cc3f654da4c2de1ceba85263fafb861b98b59040a5086259722",
                "sha256:a76b38c52400b762e48131494ba26be363491ac4f9a04c1b7e92483d169f6582",
                "sha256:da6013fd84a690242c310d77ddb8441a559e9cb3d3d59ebac9aca1a57b2e18bc",
                "sha256:e55b384612d93be96506932a786bbcde5a2db7a9e6a4bb4bffe8b733f5b9036b",
                "sha256:e81b76cace8eda1fca50e345242ba977f9be6ae3945af8d46326d776b4cf78d1",
                "sha256:e8236383a20872c0cdf5a62b554b27538db7fa1bbec52429d8d106effbaeca08",
                "sha256:f04e857b59d9d1ccc39ce2da1021d196e47234873820cbeaad210724b1ee28ac",
                "sha256:fadbfe37f74051d024037f223b8e001611eac868b5c5b06144ef4d8b799862f2"
            ],
            "markers": "python_version < '3.9'",
            "version": "==0.2.1"
        },
        "certifi": {
            "hashes": [
                "sha256:9c5705e395cd70084351dd8ad5c41e65655e08ce46f2ec9cf6c2c08390f71eb7",
                "sha256:f1d53542ee8cbedbe2118b5686372fb33c297fcd6379b050cca0ef13a597382a"
            ],
            "markers": "python_version >= '3.6'",
            "version": "==2022.5.18.1"
        },
        "cffi": {
            "hashes": [
                "sha256:00c878c90cb53ccfaae6b8bc18ad05d2036553e6d9d1d9dbcf323bbe83854ca3",
                "sha256:0104fb5ae2391d46a4cb082abdd5c69ea4eab79d8d44eaaf79f1b1fd806ee4c2",
                "sha256:06c48159c1abed75c2e721b1715c379fa3200c7784271b3c46df01383b593636",
                "sha256:0808014eb713677ec1292301ea4c81ad277b6cdf2fdd90fd540af98c0b101d20",
                "sha256:10dffb601ccfb65262a27233ac273d552ddc4d8ae1bf93b21c94b8511bffe728",
                "sha256:14cd121ea63ecdae71efa69c15c5543a4b5fbcd0bbe2aad864baca0063cecf27",
                "sha256:17771976e82e9f94976180f76468546834d22a7cc404b17c22df2a2c81db0c66",
                "sha256:181dee03b1170ff1969489acf1c26533710231c58f95534e3edac87fff06c443",
                "sha256:23cfe892bd5dd8941608f93348c0737e369e51c100d03718f108bf1add7bd6d0",
                "sha256:263cc3d821c4ab2213cbe8cd8b355a7f72a8324577dc865ef98487c1aeee2bc7",
                "sha256:2756c88cbb94231c7a147402476be2c4df2f6078099a6f4a480d239a8817ae39",
                "sha256:27c219baf94952ae9d50ec19651a687b826792055353d07648a5695413e0c605",
                "sha256:2a23af14f408d53d5e6cd4e3d9a24ff9e05906ad574822a10563efcef137979a",
                "sha256:31fb708d9d7c3f49a60f04cf5b119aeefe5644daba1cd2a0fe389b674fd1de37",
                "sha256:3415c89f9204ee60cd09b235810be700e993e343a408693e80ce7f6a40108029",
                "sha256:3773c4d81e6e818df2efbc7dd77325ca0dcb688116050fb2b3011218eda36139",
                "sha256:3b96a311ac60a3f6be21d2572e46ce67f09abcf4d09344c49274eb9e0bf345fc",
                "sha256:3f7d084648d77af029acb79a0ff49a0ad7e9d09057a9bf46596dac9514dc07df",
                "sha256:41d45de54cd277a7878919867c0f08b0cf817605e4eb94093e7516505d3c8d14",
                "sha256:4238e6dab5d6a8ba812de994bbb0a79bddbdf80994e4ce802b6f6f3142fcc880",
                "sha256:45db3a33139e9c8f7c09234b5784a5e33d31fd6907800b316decad50af323ff2",
                "sha256:45e8636704eacc432a206ac7345a5d3d2c62d95a507ec70d62f23cd91770482a",
                "sha256:4958391dbd6249d7ad855b9ca88fae690783a6be9e86df65865058ed81fc860e",
                "sha256:4a306fa632e8f0928956a41fa8e1d6243c71e7eb59ffbd165fc0b41e316b2474",
                "sha256:57e9ac9ccc3101fac9d6014fba037473e4358ef4e89f8e181f8951a2c0162024",
                "sha256:59888172256cac5629e60e72e86598027aca6bf01fa2465bdb676d37636573e8",
                "sha256:5e069f72d497312b24fcc02073d70cb989045d1c91cbd53979366077959933e0",
                "sha256:64d4ec9f448dfe041705426000cc13e34e6e5bb13736e9fd62e34a0b0c41566e",
                "sha256:6dc2737a3674b3e344847c8686cf29e500584ccad76204efea14f451d4cc669a",
                "sha256:74fdfdbfdc48d3f47148976f49fab3251e550a8720bebc99bf1483f5bfb5db3e",
                "sha256:75e4024375654472cc27e91cbe9eaa08567f7fbdf822638be2814ce059f58032",
                "sha256:786902fb9ba7433aae840e0ed609f45c7bcd4e225ebb9c753aa39725bb3e6ad6",
                "sha256:8b6c2ea03845c9f501ed1313e78de148cd3f6cad741a75d43a29b43da27f2e1e",
                "sha256:91d77d2a782be4274da750752bb1650a97bfd8f291022b379bb8e01c66b4e96b",
                "sha256:91ec59c33514b7c7559a6acda53bbfe1b283949c34fe7440bcf917f96ac0723e",
                "sha256:920f0d66a896c2d99f0adbb391f990a84091179542c205fa53ce5787aff87954",
                "sha256:a5263e363c27b653a90078143adb3d076c1a748ec9ecc78ea2fb916f9b861962",
                "sha256:abb9a20a72ac4e0fdb50dae135ba5e77880518e742077ced47eb1499e29a443c",
                "sha256:c2051981a968d7de9dd2d7b87bcb9c939c74a34626a6e2f8181455dd49ed69e4",
                "sha256:c21c9e3896c23007803a875460fb786118f0cdd4434359577ea25eb556e34c55",
                "sha256:c2502a1a03b6312837279c8c1bd3ebedf6c12c4228ddbad40912d671ccc8a962",
                "sha256:d4d692a89c5cf08a8557fdeb329b82e7bf609aadfaed6c0d79f5a449a3c7c023",
                "sha256:da5db4e883f1ce37f55c667e5c0de439df76ac4cb55964655906306918e7363c",
                "sha256:e7022a66d9b55e93e1a845d8c9eba2a1bebd4966cd8bfc25d9cd07d515b33fa6",
                "sha256:ef1f279350da2c586a69d32fc8733092fd32cc8ac95139a00377841f59a3f8d8",
                "sha256:f54a64f8b0c8ff0b64d18aa76675262e1700f3995182267998c31ae974fbc382",
                "sha256:f5c7150ad32ba43a07c4479f40241756145a1f03b43480e058cfd862bf5041c7",
                "sha256:f6f824dc3bce0edab5f427efcfb1d63ee75b6fcb7282900ccaf925be84efb0fc",
                "sha256:fd8a250edc26254fe5b33be00402e6d287f562b6a5b2152dec302fa15bb3e997",
                "sha256:ffaa5c925128e29efbde7301d8ecaf35c8c60ffbcd6a1ffd3a552177c8e5e796"
            ],
            "version": "==1.15.0"
        },
        "charset-normalizer": {
            "hashes": [
                "sha256:2857e29ff0d34db842cd7ca3230549d1a697f96ee6d3fb071cfa6c7393832597",
                "sha256:6881edbebdb17b39b4eaaa821b438bf6eddffb4468cf344f09f89def34a8b1df"
            ],
            "markers": "python_version >= '3'",
            "version": "==2.0.12"
        },
        "coincurve": {
            "hashes": [
                "sha256:11bd37fc072aaf22b40d05c4a9587c4b03058e8b22e70ca38fff7b3bed14e23c",
                "sha256:1e99265e22d5fc7cb28a378a9efc185320904df8901bf776bead4c7c5b6ba254",
                "sha256:1f8f6cb28d6252b3f51325348c26d32102e3bcb5e93f4a986f1e231e0e1660c7",
                "sha256:2b21120f2fb6223a16f13612af349a6b33b777911c34da4d01347ae905f1f895",
                "sha256:35db5ed2199483e68106b4ef31f79824306bb2d9a9cb750930a9b2325da63ae5",
                "sha256:3dfddadfffd119fc62792478b8e85cb4db7731d1ca9edf80deffea0ed889eae1",
                "sha256:40238fb994cea86d3a8af6decc848cfde5987372c7c93851ea4eff4a181139a7",
                "sha256:45ae1be2c8cb9d1c4447245060778552452db4875f8c79ffc329436f78576ca5",
                "sha256:52e8c87ff8587cd346735cc1687f27e0bab49606e6e4be963b46f1bdb39ad9de",
                "sha256:5a68add46c590c75ec041b230368bd6e96ffbf5c6be9cb6c8b9672e3196c6a0a",
                "sha256:764065be6c1953b287af635d5e5ec232cb303b259ee232a86624b743db77436d",
                "sha256:79d8d02ad38f07f31088bff0d629b215308b623f506d840696c9c65723580ad2",
                "sha256:9030de7b770217b1e3a0b07a46b112407bbc6a671ba1dc08ee1546e7ebaea512",
                "sha256:bae738c3730ef4230b13a9e0d4ebda2c6bdd2d3a8065a3f2887392d44734e483",
                "sha256:d32eebad222132a2e654c8a10ced1ddec02e0b0c0b45780984f53536131caea3",
                "sha256:dfe09a17fcb5c2ce0a39bb100eb65863ba296bdc07baabe23fe4736b965147ed",
                "sha256:e7cafea5041fe523207e91e91eb764a9656aed4387488f6b0fb1cca91eebd8b7",
                "sha256:eb32ae15b9de3db6e712167b4469dc7354f93e0a04dd1353c1e555d6dc6d9c53",
                "sha256:eb556b4c52827ca4b32a3b6cf86b19b848ae1cf9ab5e2bf7ed2eb05aa38aabe3",
                "sha256:eed4b4bf721f4511ae678c676e2a4e8ba6a0480171d59dbdce8776d9e0bec47e",
                "sha256:f3c29becba9c484400567bfc04970fd1ddef5d9086da6ad58daa87e632579847"
            ],
            "markers": "python_version >= '3.6'",
            "version": "==15.0.1"
        },
        "cytoolz": {
            "hashes": [
                "sha256:ea23663153806edddce7e4153d1d407d62357c05120a4e8485bddf1bd5ab22b4"
            ],
            "markers": "implementation_name == 'cpython'",
            "version": "==0.11.2"
        },
        "django": {
            "hashes": [
                "sha256:502ae42b6ab1b612c933fb50d5ff850facf858a4c212f76946ecd8ea5b3bf2d9",
                "sha256:f7431a5de7277966f3785557c3928433347d998c1e6459324501378a291e5aab"
            ],
            "index": "pypi",
            "version": "==4.0.5"
        },
        "django-cors-headers": {
            "hashes": [
                "sha256:37e42883b5f1f2295df6b4bba96eb2417a14a03270cb24b2a07f021cd4487cf4",
                "sha256:f9dc6b4e3f611c3199700b3e5f3398c28757dcd559c2f82932687f3d0443cfdf"
            ],
            "index": "pypi",
            "version": "==3.13.0"
        },
        "djangorestframework": {
            "hashes": [
                "sha256:0c33407ce23acc68eca2a6e46424b008c9c02eceb8cf18581921d0092bc1f2ee",
                "sha256:24c4bf58ed7e85d1fe4ba250ab2da926d263cd57d64b03e8dcef0ac683f8b1aa"
            ],
            "index": "pypi",
            "version": "==3.13.1"
        },
        "eciespy": {
            "hashes": [
                "sha256:2aa1a6516ac3bc5185d6d58f196c91f869a812b640492769660ef257426acee7",
                "sha256:f8779e6fa909b6e8ae15ce6487febb3ceaea0da5856409b3b46f055cc883b7a6"
            ],
            "index": "pypi",
            "version": "==0.3.11"
        },
        "eth-hash": {
            "hashes": [
                "sha256:3f40cecd5ead88184aa9550afc19d057f103728108c5102f592f8415949b5a76",
                "sha256:de7385148a8e0237ba1240cddbc06d53f56731140f8593bdb8429306f6b42271"
            ],
            "markers": "python_version >= '3.5' and python_version < '4'",
            "version": "==0.3.2"
        },
        "eth-keys": {
            "hashes": [
                "sha256:565bf62179b8143bcbd302a0ec6c49882d9c7678f9e6ab0484a8a5725f5ef10e",
                "sha256:e5590797f5e2930086c705a6dd1ac14397f74f19bdcd1b5f837475554f354ad8"
            ],
            "version": "==0.3.4"
        },
        "eth-typing": {
            "hashes": [
                "sha256:39cce97f401f082739b19258dfa3355101c64390914c73fe2b90012f443e0dc7",
                "sha256:b7fa58635c1cb0cbf538b2f5f1e66139575ea4853eac1d6000f0961a4b277422"
            ],
            "markers": "python_version >= '3.5' and python_version < '4'",
            "version": "==2.3.0"
        },
        "eth-utils": {
            "hashes": [
                "sha256:74240a8c6f652d085ed3c85f5f1654203d2f10ff9062f83b3bad0a12ff321c7a",
                "sha256:bf82762a46978714190b0370265a7148c954d3f0adaa31c6f085ea375e4c61af"
            ],
            "markers": "python_version >= '3.5' and python_version < '4' and python_full_version != '3.5.2'",
            "version": "==1.10.0"
        },
        "idna": {
            "hashes": [
                "sha256:84d9dd047ffa80596e0f246e2eab0b391788b0503584e8945f2368256d2735ff",
                "sha256:9d643ff0a55b762d5cdb124b8eaa99c66322e2157b69160bc32796e824360e6d"
            ],
            "markers": "python_version >= '3'",
            "version": "==3.3"
        },
        "mysqlclient": {
            "hashes": [
                "sha256:02c8826e6add9b20f4cb12dcf016485f7b1d6e30356a1204d05431867a1b3947",
                "sha256:2c8410f54492a3d2488a6a53e2d85b7e016751a1e7d116e7aea9c763f59f5e8c",
                "sha256:973235686f1b720536d417bf0a0d39b4ab3d5086b2b6ad5e6752393428c02b12",
                "sha256:b62d23c11c516cedb887377c8807628c1c65d57593b57853186a6ee18b0c6a5b",
                "sha256:e6279263d5a9feca3e0edbc2b2a52c057375bf301d47da2089c075ff76331d14"
            ],
            "index": "pypi",
            "version": "==2.1.0"
        },
        "pycparser": {
            "hashes": [
                "sha256:8ee45429555515e1f6b185e78100aea234072576aa43ab53aefcae078162fca9",
                "sha256:e644fdec12f7872f86c58ff790da456218b10f863970249516d60a5eaca77206"
            ],
            "version": "==2.21"
        },
        "pycryptodome": {
            "hashes": [
                "sha256:028dcbf62d128b4335b61c9fbb7dd8c376594db607ef36d5721ee659719935d5",
                "sha256:12ef157eb1e01a157ca43eda275fa68f8db0dd2792bc4fe00479ab8f0e6ae075",
                "sha256:2562de213960693b6d657098505fd4493c45f3429304da67efcbeb61f0edfe89",
                "sha256:27e92c1293afcb8d2639baf7eb43f4baada86e4de0f1fb22312bfc989b95dae2",
                "sha256:36e3242c4792e54ed906c53f5d840712793dc68b726ec6baefd8d978c5282d30",
                "sha256:50a5346af703330944bea503106cd50c9c2212174cfcb9939db4deb5305a8367",
                "sha256:53dedbd2a6a0b02924718b520a723e88bcf22e37076191eb9b91b79934fb2192",
                "sha256:69f05aaa90c99ac2f2af72d8d7f185f729721ad7c4be89e9e3d0ab101b0ee875",
                "sha256:75a3a364fee153e77ed889c957f6f94ec6d234b82e7195b117180dcc9fc16f96",
                "sha256:766a8e9832128c70012e0c2b263049506cbf334fb21ff7224e2704102b6ef59e",
                "sha256:7fb90a5000cc9c9ff34b4d99f7f039e9c3477700e309ff234eafca7b7471afc0",
                "sha256:893f32210de74b9f8ac869ed66c97d04e7d351182d6d39ebd3b36d3db8bda65d",
                "sha256:8b5c28058102e2974b9868d72ae5144128485d466ba8739abd674b77971454cc",
                "sha256:924b6aad5386fb54f2645f22658cb0398b1f25bc1e714a6d1522c75d527deaa5",
                "sha256:9924248d6920b59c260adcae3ee231cd5af404ac706ad30aa4cd87051bf09c50",
                "sha256:9ec761a35dbac4a99dcbc5cd557e6e57432ddf3e17af8c3c86b44af9da0189c0",
                "sha256:a36ab51674b014ba03da7f98b675fcb8eabd709a2d8e18219f784aba2db73b72",
                "sha256:aae395f79fa549fb1f6e3dc85cf277f0351e15a22e6547250056c7f0c990d6a5",
                "sha256:c880a98376939165b7dc504559f60abe234b99e294523a273847f9e7756f4132",
                "sha256:ce7a875694cd6ccd8682017a7c06c6483600f151d8916f2b25cf7a439e600263",
                "sha256:d1b7739b68a032ad14c5e51f7e4e1a5f92f3628bba024a2bda1f30c481fc85d8",
                "sha256:dcd65355acba9a1d0fc9b923875da35ed50506e339b35436277703d7ace3e222",
                "sha256:e04e40a7f8c1669195536a37979dd87da2c32dbdc73d6fe35f0077b0c17c803b",
                "sha256:e0c04c41e9ade19fbc0eff6aacea40b831bfcb2c91c266137bcdfd0d7b2f33ba",
                "sha256:e24d4ec4b029611359566c52f31af45c5aecde7ef90bf8f31620fd44c438efe7",
                "sha256:e64738207a02a83590df35f59d708bf1e7ea0d6adce712a777be2967e5f7043c",
                "sha256:ea56a35fd0d13121417d39a83f291017551fa2c62d6daa6b04af6ece7ed30d84",
                "sha256:f2772af1c3ef8025c85335f8b828d0193fa1e43256621f613280e2c81bfad423",
                "sha256:f403a3e297a59d94121cb3ee4b1cf41f844332940a62d71f9e4a009cc3533493",
                "sha256:f572a3ff7b6029dd9b904d6be4e0ce9e309dcb847b03e3ac8698d9d23bb36525"
            ],
            "markers": "python_version >= '2.7' and python_version not in '3.0, 3.1, 3.2, 3.3, 3.4'",
            "version": "==3.14.1"
        },
        "pyjwt": {
            "hashes": [
                "sha256:72d1d253f32dbd4f5c88eaf1fdc62f3a19f676ccbadb9dbc5d07e951b2b26daf",
                "sha256:d42908208c699b3b973cbeb01a969ba6a96c821eefb1c5bfe4c390c01d67abba"
            ],
            "index": "pypi",
            "version": "==2.4.0"
        },
        "pytz": {
            "hashes": [
                "sha256:1e760e2fe6a8163bc0b3d9a19c4f84342afa0a2affebfaa84b01b978a02ecaa7",
                "sha256:e68985985296d9a66a881eb3193b0906246245294a881e7c8afe623866ac6a5c"
            ],
            "version": "==2022.1"
        },
        "requests": {
            "hashes": [
                "sha256:68d7c56fd5a8999887728ef304a6d12edc7be74f1cfa47714fc8b414525c9a61",
                "sha256:f22fa1e554c9ddfd16e6e41ac79759e17be9e492b3587efa038054674760e72d"
            ],
            "index": "pypi",
            "version": "==2.27.1"
        },
        "sqlparse": {
            "hashes": [
                "sha256:0c00730c74263a94e5a9919ade150dfc3b19c574389985446148402998287dae",
                "sha256:48719e356bb8b42991bdbb1e8b83223757b93789c00910a616a071910ca4a64d"
            ],
            "markers": "python_version >= '3.5'",
            "version": "==0.4.2"
        },
        "toolz": {
            "hashes": [
                "sha256:6b312d5e15138552f1bda8a4e66c30e236c831b612b2bf0005f8a1df10a4bc33",
                "sha256:a5700ce83414c64514d82d60bcda8aabfde092d1c1a8663f9200c07fdcc6da8f"
            ],
            "markers": "python_version >= '3.5'",
            "version": "==0.11.2"
        },
        "urllib3": {
            "hashes": [
                "sha256:44ece4d53fb1706f667c9bd1c648f5469a2ec925fcf3a776667042d645472c14",
                "sha256:aabaf16477806a5e1dd19aa41f8c2b7950dd3c746362d7e3223dbe6de6ac448e"
            ],
            "markers": "python_version >= '2.7' and python_version not in '3.0, 3.1, 3.2, 3.3, 3.4' and python_version < '4'",
            "version": "==1.26.9"
        }
    },
    "develop": {}
}
